{
  "name": "skeef",
  "version": "1.0.0",
  "lockfileVersion": 2,
  "requires": true,
  "packages": {
    "": {
      "version": "1.0.0",
      "license": "ISC",
      "dependencies": {
        "esbuild": "^0.8.56"
      }
    },
    "node_modules/esbuild": {
      "version": "0.8.56",
      "resolved": "https://registry.npmjs.org/esbuild/-/esbuild-0.8.56.tgz",
      "integrity": "sha512-PTMdAWK3JI2MNW811znGssGP5GR44tQPr++VQ1rPP0n8Z1cTKbCPD3S/kXPLr3ZZDIwAaVm08fuFym6Rp8l/0A==",
      "hasInstallScript": true,
      "bin": {
        "esbuild": "bin/esbuild"
      }
    }
  },
  "dependencies": {
    "esbuild": {
      "version": "0.8.56",
      "resolved": "https://registry.npmjs.org/esbuild/-/esbuild-0.8.56.tgz",
      "integrity": "sha512-PTMdAWK3JI2MNW811znGssGP5GR44tQPr++VQ1rPP0n8Z1cTKbCPD3S/kXPLr3ZZDIwAaVm08fuFym6Rp8l/0A=="
    }
  }
}
